
Microsoft Visual Studio Solution File, Format Version 12.00
# Visual Studio Version 17
VisualStudioVersion = 17.5.002.0
MinimumVisualStudioVersion = 10.0.40219.1
Project("{9A19103F-16F7-4668-BE54-9A1E7A4F7556}") = "MinefieldGame", "MinefieldGame\MinefieldGame.csproj", "{67F903EA-9AF6-4DD1-B33F-421A8CDB2602}"
EndProject
Project("{FAE04EC0-301F-11D3-BF4B-00C04F79EFBC}") = "MinefieldGameTest", "MinefieldGameTest\MinefieldGameTest.csproj", "{2E20CB8C-5D73-41CA-B14D-57D2B61845CD}"
EndProject
Global
	GlobalSection(SolutionConfigurationPlatforms) = preSolution
		Debug|Any CPU = Debug|Any CPU
		Release|Any CPU = Release|Any CPU
	EndGlobalSection
	GlobalSection(ProjectConfigurationPlatforms) = postSolution
		{67F903EA-9AF6-4DD1-B33F-421A8CDB2602}.Debug|Any CPU.ActiveCfg = Debug|Any CPU
		{67F903EA-9AF6-4DD1-B33F-421A8CDB2602}.Debug|Any CPU.Build.0 = Debug|Any CPU
		{67F903EA-9AF6-4DD1-B33F-421A8CDB2602}.Release|Any CPU.ActiveCfg = Release|Any CPU
		{67F903EA-9AF6-4DD1-B33F-421A8CDB2602}.Release|Any CPU.Build.0 = Release|Any CPU
		{2E20CB8C-5D73-41CA-B14D-57D2B61845CD}.Debug|Any CPU.ActiveCfg = Debug|Any CPU
		{2E20CB8C-5D73-41CA-B14D-57D2B61845CD}.Debug|Any CPU.Build.0 = Debug|Any CPU
		{2E20CB8C-5D73-41CA-B14D-57D2B61845CD}.Release|Any CPU.ActiveCfg = Release|Any CPU
		{2E20CB8C-5D73-41CA-B14D-57D2B61845CD}.Release|Any CPU.Build.0 = Release|Any CPU
	EndGlobalSection
	GlobalSection(SolutionProperties) = preSolution
		HideSolutionNode = FALSE
	EndGlobalSection
	GlobalSection(ExtensibilityGlobals) = postSolution
		SolutionGuid = {A32712AA-D689-4CDA-8A27-86DDDC8F4C1B}
	EndGlobalSection
EndGlobal
